<?xml version="1.0" encoding="utf-8"?>
<Project ToolsVersion="4.0" xmlns="http://schemas.microsoft.com/developer/msbuild/2003">
  <ItemGroup>
    <Filter Include="Source Files">
      <UniqueIdentifier>{4FC737F1-C7A5-4376-A066-2A32D752A2FF}</UniqueIdentifier>
      <Extensions>cpp;c;cc;cxx;def;odl;idl;hpj;bat;asm;asmx</Extensions>
    </Filter>
    <Filter Include="Header Files">
      <UniqueIdentifier>{93995380-89BD-4b04-88EB-625FBE52EBFB}</UniqueIdentifier>
      <Extensions>h;hh;hpp;hxx;hm;inl;inc;xsd</Extensions>
    </Filter>
    <Filter Include="Resource Files">
      <UniqueIdentifier>{67DA6AB6-F800-4c08-8B7A-83BB121AAD01}</UniqueIdentifier>
      <Extensions>rc;ico;cur;bmp;dlg;rc2;rct;bin;rgs;gif;jpg;jpeg;jpe;resx;tiff;tif;png;wav;mfcribbon-ms</Extensions>
    </Filter>
    <Filter Include="Source Files\ninjam">
      <UniqueIdentifier>{22CA4D0C-B4DB-49A6-BC06-E527A716944E}</UniqueIdentifier>
    </Filter>
    <Filter Include="Source Files\WDL\jnetlib">
      <UniqueIdentifier>{07D18E91-D7FD-4DA2-AB80-0246D0B9D4BB}</UniqueIdentifier>
    </Filter>
    <Filter Include="Source Files\WDL">
      <UniqueIdentifier>{533516DD-2D71-4812-BE5A-8F75A3784A76}</UniqueIdentifier>
    </Filter>
    <Filter Include="Source Files\WDL\wingui">
      <UniqueIdentifier>{8C8FB7D2-2D4E-488F-B6B0-B27E98ECBFF4}</UniqueIdentifier>
    </Filter>
    <Filter Include="Header Files\WDL\jnetlib">
      <UniqueIdentifier>{7DE7791A-0D1B-48C6-9BCA-61DDE3C8FA37}</UniqueIdentifier>
    </Filter>
    <Filter Include="Header Files\WDL">
      <UniqueIdentifier>{24E0F169-15D4-493F-997F-92B415F2B41D}</UniqueIdentifier>
    </Filter>
    <Filter Include="Header Files\WDL\wingui">
      <UniqueIdentifier>{348FDA02-0E78-4C5A-9A02-88DF0B2D10B7}</UniqueIdentifier>
    </Filter>
  </ItemGroup>
  <ItemGroup>
    <ClInclude Include="..\..\sdks\vstsdk2.3\source\common\AEffect.h">
      <Filter>Header Files</Filter>
    </ClInclude>
    <ClInclude Include="..\..\sdks\vstsdk2.3\source\common\aeffectx.h">
      <Filter>Header Files</Filter>
    </ClInclude>
  </ItemGroup>
  <ItemGroup>
    <ClCompile Include="..\..\..\ninjam\mpb.cpp">
      <Filter>Source Files\ninjam</Filter>
    </ClCompile>
    <ClCompile Include="..\..\..\ninjam\netmsg.cpp">
      <Filter>Source Files\ninjam</Filter>
    </ClCompile>
    <ClCompile Include="..\..\..\ninjam\njclient.cpp">
      <Filter>Source Files\ninjam</Filter>
    </ClCompile>
    <ClCompile Include="..\..\..\WDL\jnetlib\asyncdns.cpp">
      <Filter>Source Files\WDL\jnetlib</Filter>
    </ClCompile>
    <ClCompile Include="..\..\..\WDL\jnetlib\connection.cpp">
      <Filter>Source Files\WDL\jnetlib</Filter>
    </ClCompile>
    <ClCompile Include="..\..\..\WDL\jnetlib\httpget.cpp">
      <Filter>Source Files\WDL\jnetlib</Filter>
    </ClCompile>
    <ClCompile Include="..\..\..\WDL\jnetlib\util.cpp">
      <Filter>Source Files\WDL\jnetlib</Filter>
    </ClCompile>
    <ClCompile Include=".\chat.cpp">
      <Filter>Source Files</Filter>
    </ClCompile>
    <ClCompile Include=".\license.cpp">
      <Filter>Source Files</Filter>
    </ClCompile>
    <ClCompile Include=".\locchn.cpp">
      <Filter>Source Files</Filter>
    </ClCompile>
    <ClCompile Include=".\remchn.cpp">
      <Filter>Source Files</Filter>
    </ClCompile>
    <ClCompile Include=".\winclient.cpp">
      <Filter>Source Files</Filter>
    </ClCompile>
    <ClCompile Include="..\..\..\WDL\rng.cpp">
      <Filter>Source Files\WDL</Filter>
    </ClCompile>
    <ClCompile Include="..\..\..\WDL\sha.cpp">
      <Filter>Source Files\WDL</Filter>
    </ClCompile>
    <ClCompile Include="..\..\..\WDL\wingui\wndsize.cpp">
      <Filter>Source Files\WDL\wingui</Filter>
    </ClCompile>
    <ClCompile Include=".\vstframe.cpp">
      <Filter>Source Files</Filter>
    </ClCompile>
  </ItemGroup>
  <ItemGroup>
    <ClInclude Include="..\..\..\WDL\jnetlib\asyncdns.h">
      <Filter>Header Files\WDL\jnetlib</Filter>
    </ClInclude>
    <ClInclude Include="..\..\..\WDL\jnetlib\connection.h">
      <Filter>Header Files\WDL\jnetlib</Filter>
    </ClInclude>
    <ClInclude Include="..\..\..\WDL\jnetlib\jnetlib.h">
      <Filter>Header Files\WDL\jnetlib</Filter>
    </ClInclude>
    <ClInclude Include="..\..\..\WDL\jnetlib\netinc.h">
      <Filter>Header Files\WDL\jnetlib</Filter>
    </ClInclude>
    <ClInclude Include="..\..\..\WDL\jnetlib\util.h">
      <Filter>Header Files\WDL\jnetlib</Filter>
    </ClInclude>
    <ClInclude Include=".\winclient.h">
      <Filter>Header Files</Filter>
    </ClInclude>
    <ClInclude Include="..\..\..\WDL\rng.h">
      <Filter>Header Files\WDL</Filter>
    </ClInclude>
    <ClInclude Include="..\..\..\WDL\sha.h">
      <Filter>Header Files\WDL</Filter>
    </ClInclude>
    <ClInclude Include="..\..\..\WDL\wingui\wndsize.h">
      <Filter>Header Files\WDL\wingui</Filter>
    </ClInclude>
    <ClInclude Include=".\resource.h">
      <Filter>Header Files</Filter>
    </ClInclude>
  </ItemGroup>
  <ItemGroup>
    <ResourceCompile Include=".\res.rc">
      <Filter>Resource Files</Filter>
    </ResourceCompile>
  </ItemGroup>
</Project>