// !$*UTF8*$!
{
	archiveVersion = 1;
	classes = {
	};
	objectVersion = 39;
	objects = {
		080E96DDFE201D6D7F000001 = {
			children = (
			);
			isa = PBXGroup;
			name = Classes;
			refType = 4;
			sourceTree = "<group>";
		};
		089C165CFE840E0CC02AAC07 = {
			children = (
				089C165DFE840E0CC02AAC07,
			);
			isa = PBXVariantGroup;
			name = InfoPlist.strings;
			refType = 4;
			sourceTree = "<group>";
		};
		089C165DFE840E0CC02AAC07 = {
			fileEncoding = 10;
			isa = PBXFileReference;
			lastKnownFileType = text.plist.strings;
			name = English;
			path = English.lproj/InfoPlist.strings;
			refType = 4;
			sourceTree = "<group>";
		};
//080
//081
//082
//083
//084
//100
//101
//102
//103
//104
		1058C7A0FEA54F0111CA2CBB = {
			children = (
				BCD3387B0871307600F0CAB6,
				1058C7A1FEA54F0111CA2CBB,
			);
			isa = PBXGroup;
			name = "Linked Frameworks";
			refType = 4;
			sourceTree = "<group>";
		};
		1058C7A1FEA54F0111CA2CBB = {
			isa = PBXFileReference;
			lastKnownFileType = wrapper.framework;
			name = Cocoa.framework;
			path = /System/Library/Frameworks/Cocoa.framework;
			refType = 0;
			sourceTree = "<absolute>";
		};
		1058C7A2FEA54F0111CA2CBB = {
			children = (
				29B97324FDCFA39411CA2CEA,
				13E42FB307B3F0F600E4EEF1,
				29B97325FDCFA39411CA2CEA,
			);
			isa = PBXGroup;
			name = "Other Frameworks";
			refType = 4;
			sourceTree = "<group>";
		};
//100
//101
//102
//103
//104
//130
//131
//132
//133
//134
		13E42FB307B3F0F600E4EEF1 = {
			isa = PBXFileReference;
			lastKnownFileType = wrapper.framework;
			name = CoreData.framework;
			path = /System/Library/Frameworks/CoreData.framework;
			refType = 0;
			sourceTree = "<absolute>";
		};
//130
//131
//132
//133
//134
//190
//191
//192
//193
//194
		19C28FACFE9D520D11CA2CBB = {
			children = (
				8D1107320486CEB800E47090,
			);
			isa = PBXGroup;
			name = Products;
			refType = 4;
			sourceTree = "<group>";
		};
//190
//191
//192
//193
//194
//290
//291
//292
//293
//294
		29B97313FDCFA39411CA2CEA = {
			buildSettings = {
			};
			buildStyles = (
				4A9504CCFFE6A4B311CA0CBA,
				4A9504CDFFE6A4B311CA0CBA,
			);
			hasScannedForEncodings = 1;
			isa = PBXProject;
			mainGroup = 29B97314FDCFA39411CA2CEA;
			projectDirPath = "";
			targets = (
				8D1107260486CEB800E47090,
			);
		};
		29B97314FDCFA39411CA2CEA = {
			children = (
				080E96DDFE201D6D7F000001,
				29B97315FDCFA39411CA2CEA,
				29B97317FDCFA39411CA2CEA,
				29B97323FDCFA39411CA2CEA,
				19C28FACFE9D520D11CA2CBB,
			);
			isa = PBXGroup;
			name = NINJAM;
			path = "";
			refType = 4;
			sourceTree = "<group>";
		};
		29B97315FDCFA39411CA2CEA = {
			children = (
				BC75E20C087231CA00B2BB14,
				BCF578540870E9D800D208AF,
				BCF578550870E9D800D208AF,
				BCF578560870E9D800D208AF,
				BC874A570870A08000F5991C,
				29B97316FDCFA39411CA2CEA,
				BC874A4508709FB500F5991C,
				BC874A4608709FB500F5991C,
				BC8E61210878E89000C4D33D,
				BC8E61220878E89000C4D33D,
				BCE8B595087927520076BEC1,
				BCE8B596087927520076BEC1,
				BCE8B5CC08792AED0076BEC1,
				BCE8B5CD08792AED0076BEC1,
			);
			isa = PBXGroup;
			name = "Other Sources";
			path = "";
			refType = 4;
			sourceTree = "<group>";
		};
		29B97316FDCFA39411CA2CEA = {
			fileEncoding = 4;
			isa = PBXFileReference;
			lastKnownFileType = sourcecode.c.objc;
			path = main.m;
			refType = 4;
			sourceTree = "<group>";
		};
		29B97317FDCFA39411CA2CEA = {
			children = (
				8D1107310486CEB800E47090,
				089C165CFE840E0CC02AAC07,
				29B97318FDCFA39411CA2CEA,
			);
			isa = PBXGroup;
			name = Resources;
			path = "";
			refType = 4;
			sourceTree = "<group>";
		};
		29B97318FDCFA39411CA2CEA = {
			children = (
				29B97319FDCFA39411CA2CEA,
			);
			isa = PBXVariantGroup;
			name = MainMenu.nib;
			path = "";
			refType = 4;
			sourceTree = "<group>";
		};
		29B97319FDCFA39411CA2CEA = {
			isa = PBXFileReference;
			lastKnownFileType = wrapper.nib;
			name = English;
			path = English.lproj/MainMenu.nib;
			refType = 4;
			sourceTree = "<group>";
		};
		29B97323FDCFA39411CA2CEA = {
			children = (
				1058C7A0FEA54F0111CA2CBB,
				1058C7A2FEA54F0111CA2CBB,
			);
			isa = PBXGroup;
			name = Frameworks;
			path = "";
			refType = 4;
			sourceTree = "<group>";
		};
		29B97324FDCFA39411CA2CEA = {
			isa = PBXFileReference;
			lastKnownFileType = wrapper.framework;
			name = AppKit.framework;
			path = /System/Library/Frameworks/AppKit.framework;
			refType = 0;
			sourceTree = "<absolute>";
		};
		29B97325FDCFA39411CA2CEA = {
			isa = PBXFileReference;
			lastKnownFileType = wrapper.framework;
			name = Foundation.framework;
			path = /System/Library/Frameworks/Foundation.framework;
			refType = 0;
			sourceTree = "<absolute>";
		};
//290
//291
//292
//293
//294
//4A0
//4A1
//4A2
//4A3
//4A4
		4A9504CCFFE6A4B311CA0CBA = {
			buildSettings = {
				COPY_PHASE_STRIP = NO;
				GCC_DYNAMIC_NO_PIC = NO;
				GCC_ENABLE_FIX_AND_CONTINUE = YES;
				GCC_GENERATE_DEBUGGING_SYMBOLS = YES;
				GCC_OPTIMIZATION_LEVEL = 0;
				GCC_PREPROCESSOR_DEFINITIONS = AUDIOSTREAMER_NO_CONSOLEUI;
				PREBINDING = NO;
				ZERO_LINK = YES;
			};
			isa = PBXBuildStyle;
			name = Development;
		};
		4A9504CDFFE6A4B311CA0CBA = {
			buildSettings = {
				COPY_PHASE_STRIP = YES;
				GCC_ENABLE_FIX_AND_CONTINUE = NO;
				GCC_GENERATE_DEBUGGING_SYMBOLS = NO;
				GCC_PREPROCESSOR_DEFINITIONS = AUDIOSTREAMER_NO_CONSOLEUI;
				PREBINDING = NO;
				ZERO_LINK = NO;
			};
			isa = PBXBuildStyle;
			name = Deployment;
		};
//4A0
//4A1
//4A2
//4A3
//4A4
//8D0
//8D1
//8D2
//8D3
//8D4
		8D1107260486CEB800E47090 = {
			buildPhases = (
				8D1107290486CEB800E47090,
				8D11072C0486CEB800E47090,
				8D11072E0486CEB800E47090,
			);
			buildRules = (
			);
			buildSettings = {
				GCC_GENERATE_DEBUGGING_SYMBOLS = NO;
				GCC_PRECOMPILE_PREFIX_HEADER = YES;
				GCC_PREFIX_HEADER = NINJAM_Prefix.pch;
				GCC_WARN_ABOUT_RETURN_TYPE = YES;
				GCC_WARN_UNUSED_VARIABLE = YES;
				HEADER_SEARCH_PATHS = "";
				INFOPLIST_FILE = Info.plist;
				INSTALL_PATH = "$(HOME)/Applications";
				OTHER_LDFLAGS = "";
				PRODUCT_NAME = NINJAM;
				WRAPPER_EXTENSION = app;
			};
			dependencies = (
			);
			isa = PBXNativeTarget;
			name = NINJAM;
			productInstallPath = "$(HOME)/Applications";
			productName = NINJAM;
			productReference = 8D1107320486CEB800E47090;
			productType = "com.apple.product-type.application";
		};
		8D1107290486CEB800E47090 = {
			buildActionMask = 2147483647;
			files = (
				8D11072A0486CEB800E47090,
				8D11072B0486CEB800E47090,
			);
			isa = PBXResourcesBuildPhase;
			runOnlyForDeploymentPostprocessing = 0;
		};
		8D11072A0486CEB800E47090 = {
			fileRef = 29B97318FDCFA39411CA2CEA;
			isa = PBXBuildFile;
			settings = {
			};
		};
		8D11072B0486CEB800E47090 = {
			fileRef = 089C165CFE840E0CC02AAC07;
			isa = PBXBuildFile;
			settings = {
			};
		};
		8D11072C0486CEB800E47090 = {
			buildActionMask = 2147483647;
			files = (
				8D11072D0486CEB800E47090,
				BC874A4708709FB500F5991C,
				BC874A540870A07100F5991C,
				BC874A5B0870A0BA00F5991C,
				BC874A600870A13F00F5991C,
				BC874A610870A13F00F5991C,
				BC793E0E0870CBC200ED2D4E,
				BC793E0F0870CBC200ED2D4E,
				BC793E100870CBC200ED2D4E,
				BC793E2D0870CCF200ED2D4E,
				BC793E2E0870CCF200ED2D4E,
				BC8E61230878E89100C4D33D,
				BCE8B597087927520076BEC1,
				BCE8B5CE08792AED0076BEC1,
			);
			isa = PBXSourcesBuildPhase;
			runOnlyForDeploymentPostprocessing = 0;
		};
		8D11072D0486CEB800E47090 = {
			fileRef = 29B97316FDCFA39411CA2CEA;
			isa = PBXBuildFile;
			settings = {
				ATTRIBUTES = (
				);
			};
		};
		8D11072E0486CEB800E47090 = {
			buildActionMask = 2147483647;
			files = (
				8D11072F0486CEB800E47090,
				BCF578570870E9D800D208AF,
				BCF578580870E9D800D208AF,
				BCF578590870E9D800D208AF,
				BCD3387C0871307600F0CAB6,
			);
			isa = PBXFrameworksBuildPhase;
			runOnlyForDeploymentPostprocessing = 0;
		};
		8D11072F0486CEB800E47090 = {
			fileRef = 1058C7A1FEA54F0111CA2CBB;
			isa = PBXBuildFile;
			settings = {
			};
		};
		8D1107310486CEB800E47090 = {
			fileEncoding = 4;
			isa = PBXFileReference;
			lastKnownFileType = text.plist;
			path = Info.plist;
			refType = 4;
			sourceTree = "<group>";
		};
		8D1107320486CEB800E47090 = {
			explicitFileType = wrapper.application;
			includeInIndex = 0;
			isa = PBXFileReference;
			path = NINJAM.app;
			refType = 3;
			sourceTree = BUILT_PRODUCTS_DIR;
		};
//8D0
//8D1
//8D2
//8D3
//8D4
//BC0
//BC1
//BC2
//BC3
//BC4
		BC75E20C087231CA00B2BB14 = {
			fileEncoding = 30;
			isa = PBXFileReference;
			lastKnownFileType = sourcecode.c.h;
			path = NINJAM_Prefix.pch;
			refType = 4;
			sourceTree = "<group>";
		};
		BC793E070870CB8C00ED2D4E = {
			children = (
				BC793E0B0870CBC200ED2D4E,
				BC793E0C0870CBC200ED2D4E,
				BC793E0D0870CBC200ED2D4E,
			);
			isa = PBXGroup;
			name = jnetlib;
			refType = 4;
			sourceTree = "<group>";
		};
		BC793E0B0870CBC200ED2D4E = {
			fileEncoding = 30;
			isa = PBXFileReference;
			lastKnownFileType = sourcecode.cpp.cpp;
			name = connection.cpp;
			path = ../../WDL/jnetlib/connection.cpp;
			refType = 2;
			sourceTree = SOURCE_ROOT;
		};
		BC793E0C0870CBC200ED2D4E = {
			fileEncoding = 30;
			isa = PBXFileReference;
			lastKnownFileType = sourcecode.cpp.cpp;
			name = util.cpp;
			path = ../../WDL/jnetlib/util.cpp;
			refType = 2;
			sourceTree = SOURCE_ROOT;
		};
		BC793E0D0870CBC200ED2D4E = {
			fileEncoding = 30;
			isa = PBXFileReference;
			lastKnownFileType = sourcecode.cpp.cpp;
			name = asyncdns.cpp;
			path = ../../WDL/jnetlib/asyncdns.cpp;
			refType = 2;
			sourceTree = SOURCE_ROOT;
		};
		BC793E0E0870CBC200ED2D4E = {
			fileRef = BC793E0B0870CBC200ED2D4E;
			isa = PBXBuildFile;
			settings = {
			};
		};
		BC793E0F0870CBC200ED2D4E = {
			fileRef = BC793E0C0870CBC200ED2D4E;
			isa = PBXBuildFile;
			settings = {
			};
		};
		BC793E100870CBC200ED2D4E = {
			fileRef = BC793E0D0870CBC200ED2D4E;
			isa = PBXBuildFile;
			settings = {
			};
		};
		BC793E130870CC0800ED2D4E = {
			children = (
				BC793E2B0870CCF200ED2D4E,
				BC793E2C0870CCF200ED2D4E,
			);
			isa = PBXGroup;
			name = wdlshit;
			refType = 4;
			sourceTree = "<group>";
		};
		BC793E2B0870CCF200ED2D4E = {
			fileEncoding = 30;
			isa = PBXFileReference;
			lastKnownFileType = sourcecode.cpp.cpp;
			path = rng.cpp;
			refType = 4;
			sourceTree = "<group>";
		};
		BC793E2C0870CCF200ED2D4E = {
			fileEncoding = 30;
			isa = PBXFileReference;
			lastKnownFileType = sourcecode.cpp.cpp;
			path = sha.cpp;
			refType = 4;
			sourceTree = "<group>";
		};
		BC793E2D0870CCF200ED2D4E = {
			fileRef = BC793E2B0870CCF200ED2D4E;
			isa = PBXBuildFile;
			settings = {
			};
		};
		BC793E2E0870CCF200ED2D4E = {
			fileRef = BC793E2C0870CCF200ED2D4E;
			isa = PBXBuildFile;
			settings = {
			};
		};
		BC874A4508709FB500F5991C = {
			fileEncoding = 30;
			isa = PBXFileReference;
			lastKnownFileType = sourcecode.c.h;
			path = Controller.h;
			refType = 4;
			sourceTree = "<group>";
		};
		BC874A4608709FB500F5991C = {
			explicitFileType = sourcecode.cpp.objcpp;
			fileEncoding = 30;
			isa = PBXFileReference;
			path = Controller.mm;
			refType = 4;
			sourceTree = "<group>";
		};
		BC874A4708709FB500F5991C = {
			fileRef = BC874A4608709FB500F5991C;
			isa = PBXBuildFile;
			settings = {
			};
		};
		BC874A530870A07100F5991C = {
			fileEncoding = 30;
			isa = PBXFileReference;
			lastKnownFileType = sourcecode.cpp.cpp;
			name = audiostream_mac.cpp;
			path = ../audiostream_mac.cpp;
			refType = 2;
			sourceTree = SOURCE_ROOT;
		};
		BC874A540870A07100F5991C = {
			fileRef = BC874A530870A07100F5991C;
			isa = PBXBuildFile;
			settings = {
			};
		};
		BC874A570870A08000F5991C = {
			children = (
				BC793E130870CC0800ED2D4E,
				BC793E070870CB8C00ED2D4E,
				BC874A5C0870A13F00F5991C,
				BC874A5D0870A13F00F5991C,
				BC874A5E0870A13F00F5991C,
				BC874A5F0870A13F00F5991C,
				BC874A590870A0BA00F5991C,
				BC874A5A0870A0BA00F5991C,
				BC874A580870A0A500F5991C,
				BC874A530870A07100F5991C,
			);
			isa = PBXGroup;
			name = ninjamcommon;
			refType = 4;
			sourceTree = "<group>";
		};
		BC874A580870A0A500F5991C = {
			fileEncoding = 30;
			isa = PBXFileReference;
			lastKnownFileType = sourcecode.c.h;
			name = audiostream_mac.h;
			path = ../audiostream_mac.h;
			refType = 2;
			sourceTree = SOURCE_ROOT;
		};
		BC874A590870A0BA00F5991C = {
			fileEncoding = 30;
			isa = PBXFileReference;
			lastKnownFileType = sourcecode.cpp.cpp;
			name = mpb.cpp;
			path = ../mpb.cpp;
			refType = 2;
			sourceTree = SOURCE_ROOT;
		};
		BC874A5A0870A0BA00F5991C = {
			fileEncoding = 30;
			isa = PBXFileReference;
			lastKnownFileType = sourcecode.c.h;
			name = mpb.h;
			path = ../mpb.h;
			refType = 2;
			sourceTree = SOURCE_ROOT;
		};
		BC874A5B0870A0BA00F5991C = {
			fileRef = BC874A590870A0BA00F5991C;
			isa = PBXBuildFile;
			settings = {
			};
		};
		BC874A5C0870A13F00F5991C = {
			fileEncoding = 30;
			isa = PBXFileReference;
			lastKnownFileType = sourcecode.c.h;
			name = netmsg.h;
			path = ../netmsg.h;
			refType = 2;
			sourceTree = SOURCE_ROOT;
		};
		BC874A5D0870A13F00F5991C = {
			fileEncoding = 30;
			isa = PBXFileReference;
			lastKnownFileType = sourcecode.cpp.cpp;
			name = njclient.cpp;
			path = ../njclient.cpp;
			refType = 2;
			sourceTree = SOURCE_ROOT;
		};
		BC874A5E0870A13F00F5991C = {
			fileEncoding = 30;
			isa = PBXFileReference;
			lastKnownFileType = sourcecode.c.h;
			name = njclient.h;
			path = ../njclient.h;
			refType = 2;
			sourceTree = SOURCE_ROOT;
		};
		BC874A5F0870A13F00F5991C = {
			fileEncoding = 30;
			isa = PBXFileReference;
			lastKnownFileType = sourcecode.cpp.cpp;
			name = netmsg.cpp;
			path = ../netmsg.cpp;
			refType = 2;
			sourceTree = SOURCE_ROOT;
		};
		BC874A600870A13F00F5991C = {
			fileRef = BC874A5D0870A13F00F5991C;
			isa = PBXBuildFile;
			settings = {
			};
		};
		BC874A610870A13F00F5991C = {
			fileRef = BC874A5F0870A13F00F5991C;
			isa = PBXBuildFile;
			settings = {
			};
		};
		BC8E61210878E89000C4D33D = {
			fileEncoding = 30;
			isa = PBXFileReference;
			lastKnownFileType = sourcecode.c.objc;
			path = VUMeter.m;
			refType = 4;
			sourceTree = "<group>";
		};
		BC8E61220878E89000C4D33D = {
			fileEncoding = 30;
			isa = PBXFileReference;
			lastKnownFileType = sourcecode.c.h;
			path = VUMeter.h;
			refType = 4;
			sourceTree = "<group>";
		};
		BC8E61230878E89100C4D33D = {
			fileRef = BC8E61210878E89000C4D33D;
			isa = PBXBuildFile;
			settings = {
			};
		};
		BCD3387B0871307600F0CAB6 = {
			isa = PBXFileReference;
			lastKnownFileType = wrapper.framework;
			name = CoreAudio.framework;
			path = /System/Library/Frameworks/CoreAudio.framework;
			refType = 0;
			sourceTree = "<absolute>";
		};
		BCD3387C0871307600F0CAB6 = {
			fileRef = BCD3387B0871307600F0CAB6;
			isa = PBXBuildFile;
			settings = {
			};
		};
		BCE8B595087927520076BEC1 = {
			fileEncoding = 30;
			isa = PBXFileReference;
			lastKnownFileType = sourcecode.c.h;
			path = LocalListView.h;
			refType = 4;
			sourceTree = "<group>";
		};
		BCE8B596087927520076BEC1 = {
			fileEncoding = 30;
			isa = PBXFileReference;
			lastKnownFileType = sourcecode.cpp.objcpp;
			path = LocalListView.mm;
			refType = 4;
			sourceTree = "<group>";
		};
		BCE8B597087927520076BEC1 = {
			fileRef = BCE8B596087927520076BEC1;
			isa = PBXBuildFile;
			settings = {
			};
		};
		BCE8B5CC08792AED0076BEC1 = {
			fileEncoding = 30;
			isa = PBXFileReference;
			lastKnownFileType = sourcecode.c.h;
			path = LocalListItem.h;
			refType = 4;
			sourceTree = "<group>";
		};
		BCE8B5CD08792AED0076BEC1 = {
			fileEncoding = 30;
			isa = PBXFileReference;
			lastKnownFileType = sourcecode.cpp.objcpp;
			path = LocalListItem.mm;
			refType = 4;
			sourceTree = "<group>";
		};
		BCE8B5CE08792AED0076BEC1 = {
			fileRef = BCE8B5CD08792AED0076BEC1;
			isa = PBXBuildFile;
			settings = {
			};
		};
		BCF578540870E9D800D208AF = {
			isa = PBXFileReference;
			lastKnownFileType = archive.ar;
			name = libogg.a;
			path = /usr/local/lib/libogg.a;
			refType = 0;
			sourceTree = "<absolute>";
		};
		BCF578550870E9D800D208AF = {
			isa = PBXFileReference;
			lastKnownFileType = archive.ar;
			name = libvorbis.a;
			path = /usr/local/lib/libvorbis.a;
			refType = 0;
			sourceTree = "<absolute>";
		};
		BCF578560870E9D800D208AF = {
			isa = PBXFileReference;
			lastKnownFileType = archive.ar;
			name = libvorbisenc.a;
			path = /usr/local/lib/libvorbisenc.a;
			refType = 0;
			sourceTree = "<absolute>";
		};
		BCF578570870E9D800D208AF = {
			fileRef = BCF578540870E9D800D208AF;
			isa = PBXBuildFile;
			settings = {
			};
		};
		BCF578580870E9D800D208AF = {
			fileRef = BCF578550870E9D800D208AF;
			isa = PBXBuildFile;
			settings = {
			};
		};
		BCF578590870E9D800D208AF = {
			fileRef = BCF578560870E9D800D208AF;
			isa = PBXBuildFile;
			settings = {
			};
		};
	};
	rootObject = 29B97313FDCFA39411CA2CEA;
}
